<?xml version="1.0" encoding="utf-8"?>
<Project ToolsVersion="4.0" xmlns="http://schemas.microsoft.com/developer/msbuild/2003">
  <ItemGroup>
    <Filter Include="Fichiers sources">
      <UniqueIdentifier>{4FC737F1-C7A5-4376-A066-2A32D752A2FF}</UniqueIdentifier>
      <Extensions>cpp;c;cc;cxx;def;odl;idl;hpj;bat;asm;asmx</Extensions>
    </Filter>
    <Filter Include="Fichiers d%27en-tête">
      <UniqueIdentifier>{93995380-89BD-4b04-88EB-625FBE52EBFB}</UniqueIdentifier>
      <Extensions>h;hh;hpp;hxx;hm;inl;inc;xsd</Extensions>
    </Filter>
    <Filter Include="Fichiers de ressources">
      <UniqueIdentifier>{67DA6AB6-F800-4c08-8B7A-83BB121AAD01}</UniqueIdentifier>
      <Extensions>rc;ico;cur;bmp;dlg;rc2;rct;bin;rgs;gif;jpg;jpeg;jpe;resx;tiff;tif;png;wav;mfcribbon-ms</Extensions>
    </Filter>
    <Filter Include="Fichiers sources\Piece">
      <UniqueIdentifier>{f4e490c2-9f07-4d6b-9442-323289eef323}</UniqueIdentifier>
    </Filter>
    <Filter Include="Fichiers sources\Board">
      <UniqueIdentifier>{1c6ef50a-b803-4864-bee5-3e4b92124dc7}</UniqueIdentifier>
    </Filter>
    <Filter Include="Fichiers sources\Player">
      <UniqueIdentifier>{26dd9bd1-91cf-4e51-85a0-82dcab409345}</UniqueIdentifier>
    </Filter>
    <Filter Include="Fichiers sources\Utils">
      <UniqueIdentifier>{075b3b49-1e13-419d-a6ba-b037974578cf}</UniqueIdentifier>
    </Filter>
    <Filter Include="Fichiers d%27en-tête\Piece">
      <UniqueIdentifier>{a4dd3a58-a7b4-4b29-8a6f-24746dced315}</UniqueIdentifier>
    </Filter>
    <Filter Include="Fichiers d%27en-tête\Board">
      <UniqueIdentifier>{ba117f2d-2e2c-436d-926e-bfb07a471a9b}</UniqueIdentifier>
    </Filter>
    <Filter Include="Fichiers d%27en-tête\Utils">
      <UniqueIdentifier>{0fe1f93e-ac2f-42dd-8741-d128bfb6f397}</UniqueIdentifier>
    </Filter>
    <Filter Include="Fichiers d%27en-tête\Player">
      <UniqueIdentifier>{51238144-321a-4694-94cf-36c8f14dac52}</UniqueIdentifier>
    </Filter>
    <Filter Include="Fichiers d%27en-tête\Board\Move">
      <UniqueIdentifier>{d1816604-e918-4d2b-bc4d-5553c90171f8}</UniqueIdentifier>
    </Filter>
    <Filter Include="Fichiers sources\Board\Move">
      <UniqueIdentifier>{f737cbf8-af75-4e4a-af2f-4a424e5b149b}</UniqueIdentifier>
    </Filter>
    <Filter Include="Fichiers sources\Player\IA">
      <UniqueIdentifier>{4b4170b2-84ff-41a8-94f8-ca20341850c4}</UniqueIdentifier>
    </Filter>
    <Filter Include="Fichiers d%27en-tête\Player\IA">
      <UniqueIdentifier>{b991c4f5-0465-4b8c-bd39-1d1f04bdd1b6}</UniqueIdentifier>
    </Filter>
  </ItemGroup>
  <ItemGroup>
    <ClCompile Include="main.cpp">
      <Filter>Fichiers sources</Filter>
    </ClCompile>
    <ClCompile Include="Bishop.cpp">
      <Filter>Fichiers sources\Piece</Filter>
    </ClCompile>
    <ClCompile Include="Knight.cpp">
      <Filter>Fichiers sources\Piece</Filter>
    </ClCompile>
    <ClCompile Include="King.cpp">
      <Filter>Fichiers sources\Piece</Filter>
    </ClCompile>
    <ClCompile Include="Pawn.cpp">
      <Filter>Fichiers sources\Piece</Filter>
    </ClCompile>
    <ClCompile Include="Piece.cpp">
      <Filter>Fichiers sources\Piece</Filter>
    </ClCompile>
    <ClCompile Include="Queen.cpp">
      <Filter>Fichiers sources\Piece</Filter>
    </ClCompile>
    <ClCompile Include="Rook.cpp">
      <Filter>Fichiers sources\Piece</Filter>
    </ClCompile>
    <ClCompile Include="Board.cpp">
      <Filter>Fichiers sources\Board</Filter>
    </ClCompile>
    <ClCompile Include="Case.cpp">
      <Filter>Fichiers sources\Board</Filter>
    </ClCompile>
    <ClCompile Include="Player.cpp">
      <Filter>Fichiers sources\Player</Filter>
    </ClCompile>
    <ClCompile Include="Functions.cpp">
      <Filter>Fichiers sources\Utils</Filter>
    </ClCompile>
    <ClCompile Include="Tree.cpp">
      <Filter>Fichiers sources\Utils</Filter>
    </ClCompile>
    <ClCompile Include="Node.cpp">
      <Filter>Fichiers sources\Utils</Filter>
    </ClCompile>
    <ClCompile Include="Move.cpp">
      <Filter>Fichiers sources\Board\Move</Filter>
    </ClCompile>
    <ClCompile Include="MoveHistory.cpp">
      <Filter>Fichiers sources\Board\Move</Filter>
    </ClCompile>
    <ClCompile Include="KCastlingMove.cpp">
      <Filter>Fichiers sources\Board\Move</Filter>
    </ClCompile>
    <ClCompile Include="QCastlingMove.cpp">
      <Filter>Fichiers sources\Board\Move</Filter>
    </ClCompile>
    <ClCompile Include="PromoteMove.cpp">
      <Filter>Fichiers sources\Board\Move</Filter>
    </ClCompile>
    <ClCompile Include="RandomIA.cpp">
      <Filter>Fichiers sources\Player\IA</Filter>
    </ClCompile>
    <ClCompile Include="DumbIA.cpp">
      <Filter>Fichiers sources\Player\IA</Filter>
    </ClCompile>
    <ClCompile Include="ShallowRed.cpp">
      <Filter>Fichiers sources\Player\IA</Filter>
    </ClCompile>
    <ClCompile Include="DeepOneIA.cpp">
      <Filter>Fichiers sources\Player\IA</Filter>
    </ClCompile>
  </ItemGroup>
  <ItemGroup>
    <ClInclude Include="Piece.h">
      <Filter>Fichiers d%27en-tête\Piece</Filter>
    </ClInclude>
    <ClInclude Include="Board.h">
      <Filter>Fichiers d%27en-tête\Board</Filter>
    </ClInclude>
    <ClInclude Include="Case.h">
      <Filter>Fichiers d%27en-tête\Board</Filter>
    </ClInclude>
    <ClInclude Include="Functions.h">
      <Filter>Fichiers d%27en-tête\Utils</Filter>
    </ClInclude>
    <ClInclude Include="Player.h">
      <Filter>Fichiers d%27en-tête\Player</Filter>
    </ClInclude>
    <ClInclude Include="Tree.h">
      <Filter>Fichiers d%27en-tête\Utils</Filter>
    </ClInclude>
    <ClInclude Include="Node.h">
      <Filter>Fichiers d%27en-tête\Utils</Filter>
    </ClInclude>
    <ClInclude Include="Defines.h">
      <Filter>Fichiers d%27en-tête\Utils</Filter>
    </ClInclude>
    <ClInclude Include="Move.h">
      <Filter>Fichiers d%27en-tête\Board\Move</Filter>
    </ClInclude>
    <ClInclude Include="MoveHistory.h">
      <Filter>Fichiers d%27en-tête\Board\Move</Filter>
    </ClInclude>
    <ClInclude Include="KCastlingMove.h">
      <Filter>Fichiers d%27en-tête\Board\Move</Filter>
    </ClInclude>
    <ClInclude Include="QCastlingMove.h">
      <Filter>Fichiers d%27en-tête\Board\Move</Filter>
    </ClInclude>
    <ClInclude Include="PromoteMove.h">
      <Filter>Fichiers d%27en-tête\Board\Move</Filter>
    </ClInclude>
    <ClInclude Include="DumbIA.h">
      <Filter>Fichiers d%27en-tête\Player\IA</Filter>
    </ClInclude>
    <ClInclude Include="RandomIA.h">
      <Filter>Fichiers d%27en-tête\Player\IA</Filter>
    </ClInclude>
    <ClInclude Include="ShallowRed.h">
      <Filter>Fichiers d%27en-tête\Player\IA</Filter>
    </ClInclude>
    <ClInclude Include="DeepOneIA.h">
      <Filter>Fichiers d%27en-tête\Player\IA</Filter>
    </ClInclude>
  </ItemGroup>
</Project>